Microsoft Visual Studio Solution File, Format Version 11.00
# Visual Studio 2019

Project("{8BC9CEB8-8B4A-11D0-8D11-00A0C91BC942}") = "WhammyPlug - Standalone Plugin", "WhammyPlug_StandalonePlugin.vcxproj", "{B259443B-BADE-C650-B901-9631FD2D7266}"
	ProjectSection(ProjectDependencies) = postProject
		{0B773E10-74A6-57B3-C04A-D09477B7EB83} = {0B773E10-74A6-57B3-C04A-D09477B7EB83}
	EndProjectSection
EndProject
Project("{8BC9CEB8-8B4A-11D0-8D11-00A0C91BC942}") = "WhammyPlug - VST3", "WhammyPlug_VST3.vcxproj", "{8F47C927-2ECA-82FC-6F79-B31C08C12E6D}"
	ProjectSection(ProjectDependencies) = postProject
		{0B773E10-74A6-57B3-C04A-D09477B7EB83} = {0B773E10-74A6-57B3-C04A-D09477B7EB83}
	EndProjectSection
EndProject
Project("{8BC9CEB8-8B4A-11D0-8D11-00A0C91BC942}") = "WhammyPlug - Shared Code", "WhammyPlug_SharedCode.vcxproj", "{0B773E10-74A6-57B3-C04A-D09477B7EB83}"
EndProject
Global
	GlobalSection(SolutionConfigurationPlatforms) = preSolution
		Debug|x64 = Debug|x64
		Release|x64 = Release|x64
	EndGlobalSection
	GlobalSection(ProjectConfigurationPlatforms) = postSolution
		{8F47C927-2ECA-82FC-6F79-B31C08C12E6D}.Debug|x64.ActiveCfg = Debug|x64
		{8F47C927-2ECA-82FC-6F79-B31C08C12E6D}.Debug|x64.Build.0 = Debug|x64
		{8F47C927-2ECA-82FC-6F79-B31C08C12E6D}.Release|x64.ActiveCfg = Release|x64
		{8F47C927-2ECA-82FC-6F79-B31C08C12E6D}.Release|x64.Build.0 = Release|x64
		{B259443B-BADE-C650-B901-9631FD2D7266}.Debug|x64.ActiveCfg = Debug|x64
		{B259443B-BADE-C650-B901-9631FD2D7266}.Debug|x64.Build.0 = Debug|x64
		{B259443B-BADE-C650-B901-9631FD2D7266}.Release|x64.ActiveCfg = Release|x64
		{B259443B-BADE-C650-B901-9631FD2D7266}.Release|x64.Build.0 = Release|x64
		{0B773E10-74A6-57B3-C04A-D09477B7EB83}.Debug|x64.ActiveCfg = Debug|x64
		{0B773E10-74A6-57B3-C04A-D09477B7EB83}.Debug|x64.Build.0 = Debug|x64
		{0B773E10-74A6-57B3-C04A-D09477B7EB83}.Release|x64.ActiveCfg = Release|x64
		{0B773E10-74A6-57B3-C04A-D09477B7EB83}.Release|x64.Build.0 = Release|x64
	EndGlobalSection
	GlobalSection(SolutionProperties) = preSolution
		HideSolutionNode = FALSE
	EndGlobalSection
EndGlobal
